{
  "version": "5",
  "specifiers": {
    "jsr:@cliffy/ansi@1.0.0-rc.8": "1.0.0-rc.8",
    "jsr:@cliffy/internal@1.0.0-rc.8": "1.0.0-rc.8",
    "jsr:@cliffy/keycode@1.0.0-rc.8": "1.0.0-rc.8",
    "jsr:@cliffy/prompt@^1.0.0-rc.8": "1.0.0-rc.8",
    "jsr:@std/assert@~1.0.6": "1.0.13",
    "jsr:@std/encoding@~1.0.5": "1.0.10",
    "jsr:@std/fmt@*": "1.0.8",
    "jsr:@std/fmt@~1.0.2": "1.0.8",
    "jsr:@std/io@~0.224.9": "0.224.9",
    "jsr:@std/path@~1.0.6": "1.0.9",
    "jsr:@std/text@~1.0.7": "1.0.15",
    "npm:@ai-sdk/google@^2.0.31": "2.0.31_zod@4.1.12",
    "npm:@ai-sdk/openai@^2.0.66": "2.0.66_zod@4.1.12",
    "npm:@arrirpc/schema@~0.80.3": "0.80.3",
    "npm:@types/node@*": "22.15.15",
    "npm:ai@^5.0.93": "5.0.93_zod@4.1.12",
    "npm:axios@^1.11.0": "1.11.0",
    "npm:lib-result@^3.2.2": "3.2.2",
    "npm:ollama-ai-provider-v2@^1.5.4": "1.5.4_zod@4.1.12"
  },
  "jsr": {
    "@cliffy/ansi@1.0.0-rc.8": {
      "integrity": "ba37f10ce55bbfbdd8ddd987f91f029b17bce88385b98ba3058870f3b007b80c",
      "dependencies": [
        "jsr:@cliffy/internal",
        "jsr:@std/encoding",
        "jsr:@std/io"
      ]
    },
    "@cliffy/internal@1.0.0-rc.8": {
      "integrity": "34cdf2fad9b084b5aed493b138d573f52d4e988767215f7460daf0b918ff43d8"
    },
    "@cliffy/keycode@1.0.0-rc.8": {
      "integrity": "76dbf85a67ec0aea2e29ca049b8507b6b3f62a2a971bd744d8d3fc447c177cd9"
    },
    "@cliffy/prompt@1.0.0-rc.8": {
      "integrity": "eba403ea1d47b9971bf2210fa35f4dc7ebd2aba87beec9540ae47552806e2f25",
      "dependencies": [
        "jsr:@cliffy/ansi",
        "jsr:@cliffy/internal",
        "jsr:@cliffy/keycode",
        "jsr:@std/assert",
        "jsr:@std/fmt@~1.0.2",
        "jsr:@std/io",
        "jsr:@std/path",
        "jsr:@std/text"
      ]
    },
    "@std/assert@1.0.13": {
      "integrity": "ae0d31e41919b12c656c742b22522c32fb26ed0cba32975cb0de2a273cb68b29"
    },
    "@std/encoding@1.0.10": {
      "integrity": "8783c6384a2d13abd5e9e87a7ae0520a30e9f56aeeaa3bdf910a3eaaf5c811a1"
    },
    "@std/fmt@1.0.8": {
      "integrity": "71e1fc498787e4434d213647a6e43e794af4fd393ef8f52062246e06f7e372b7"
    },
    "@std/io@0.224.9": {
      "integrity": "4414664b6926f665102e73c969cfda06d2c4c59bd5d0c603fd4f1b1c840d6ee3"
    },
    "@std/path@1.0.9": {
      "integrity": "260a49f11edd3db93dd38350bf9cd1b4d1366afa98e81b86167b4e3dd750129e"
    },
    "@std/text@1.0.15": {
      "integrity": "91f5cc1e12779a3d95f1be34e763f9c28a75a078b7360e6fcaef0d8d9b1e3e7f"
    }
  },
  "npm": {
    "@ai-sdk/gateway@2.0.9_zod@4.1.12": {
      "integrity": "sha512-E6x4h5CPPPJ0za1r5HsLtHbeI+Tp3H+YFtcH8G3dSSPFE6w+PZINzB4NxLZmg1QqSeA5HTP3ZEzzsohp0o2GEw==",
      "dependencies": [
        "@ai-sdk/provider",
        "@ai-sdk/provider-utils",
        "@vercel/oidc",
        "zod"
      ]
    },
    "@ai-sdk/google@2.0.31_zod@4.1.12": {
      "integrity": "sha512-wOlUkrXHuL73sXPZd251+30BQ378zn2Zo8pW+Hq+8d9FmSJpZXOSK8cmYle1SE5ZWe/TS+eSj3eBCZ6AW+q2EA==",
      "dependencies": [
        "@ai-sdk/provider",
        "@ai-sdk/provider-utils",
        "zod"
      ]
    },
    "@ai-sdk/openai@2.0.66_zod@4.1.12": {
      "integrity": "sha512-gDtkaawt1INhjQCcqK2mFaCS3e5wQvutni6+0+wkwzyoIyznSzehb7f0jQh8JcDbeO1yNCxnzPcI6BVPWkiR5Q==",
      "dependencies": [
        "@ai-sdk/provider",
        "@ai-sdk/provider-utils",
        "zod"
      ]
    },
    "@ai-sdk/provider-utils@3.0.17_zod@4.1.12": {
      "integrity": "sha512-TR3Gs4I3Tym4Ll+EPdzRdvo/rc8Js6c4nVhFLuvGLX/Y4V9ZcQMa/HTiYsHEgmYrf1zVi6Q145UEZUfleOwOjw==",
      "dependencies": [
        "@ai-sdk/provider",
        "@standard-schema/spec",
        "eventsource-parser",
        "zod"
      ]
    },
    "@ai-sdk/provider@2.0.0": {
      "integrity": "sha512-6o7Y2SeO9vFKB8lArHXehNuusnpddKPk7xqL7T2/b+OvXMRIXUO1rR4wcv1hAFUAT9avGZshty3Wlua/XA7TvA==",
      "dependencies": [
        "json-schema"
      ]
    },
    "@arrirpc/schema@0.80.3": {
      "integrity": "sha512-Ftx95blKAekHiDdaJQxZkBpcAaMcZsDSxHkdoyEV05EsRsPXPOEzgD7C53s2miHMMkYufkFTC301C7Gmpd2Gaw==",
      "dependencies": [
        "@arrirpc/type-defs",
        "@standard-schema/spec",
        "scule",
        "uncrypto"
      ]
    },
    "@arrirpc/type-defs@0.80.3": {
      "integrity": "sha512-zitOL57k+btEDwBcW71Pq4m4Zmu3gQsiYsmka0AMpUOHWxiRJKK0COi5QYkDPGYaQqcF3DihOPGA44LUjfa71g==",
      "dependencies": [
        "scule"
      ]
    },
    "@opentelemetry/api@1.9.0": {
      "integrity": "sha512-3giAOQvZiH5F9bMlMiv8+GSPMeqg0dbaeo58/0SlA9sxSqZhnUtxzX9/2FzyhS9sWQf5S0GJE0AKBrFqjpeYcg=="
    },
    "@standard-schema/spec@1.0.0": {
      "integrity": "sha512-m2bOd0f2RT9k8QJx1JN85cZYyH1RqFBdlwtkSlf4tBDYLCiiZnv1fIIwacK6cqwXavOydf0NPToMQgpKq+dVlA=="
    },
    "@types/node@22.15.15": {
      "integrity": "sha512-R5muMcZob3/Jjchn5LcO8jdKwSCbzqmPB6ruBxMcf9kbxtniZHP327s6C37iOfuw8mbKK3cAQa7sEl7afLrQ8A==",
      "dependencies": [
        "undici-types"
      ]
    },
    "@vercel/oidc@3.0.3": {
      "integrity": "sha512-yNEQvPcVrK9sIe637+I0jD6leluPxzwJKx/Haw6F4H77CdDsszUn5V3o96LPziXkSNE2B83+Z3mjqGKBK/R6Gg=="
    },
    "ai@5.0.93_zod@4.1.12": {
      "integrity": "sha512-9eGcu+1PJgPg4pRNV4L7tLjRR3wdJC9CXQoNMvtqvYNOLZHFCzjHtVIOr2SIkoJJeu2+sOy3hyiSuTmy2MA40g==",
      "dependencies": [
        "@ai-sdk/gateway",
        "@ai-sdk/provider",
        "@ai-sdk/provider-utils",
        "@opentelemetry/api",
        "zod"
      ]
    },
    "asynckit@0.4.0": {
      "integrity": "sha512-Oei9OH4tRh0YqU3GxhX79dM/mwVgvbZJaSNaRk+bshkj0S5cfHcgYakreBjrHwatXKbz+IoIdYLxrKim2MjW0Q=="
    },
    "axios@1.11.0": {
      "integrity": "sha512-1Lx3WLFQWm3ooKDYZD1eXmoGO9fxYQjrycfHFC8P0sCfQVXyROp0p9PFWBehewBOdCwHc+f/b8I0fMto5eSfwA==",
      "dependencies": [
        "follow-redirects",
        "form-data",
        "proxy-from-env"
      ]
    },
    "call-bind-apply-helpers@1.0.2": {
      "integrity": "sha512-Sp1ablJ0ivDkSzjcaJdxEunN5/XvksFJ2sMBFfq6x0ryhQV/2b/KwFe21cMpmHtPOSij8K99/wSfoEuTObmuMQ==",
      "dependencies": [
        "es-errors",
        "function-bind"
      ]
    },
    "combined-stream@1.0.8": {
      "integrity": "sha512-FQN4MRfuJeHf7cBbBMJFXhKSDq+2kAArBlmRBvcvFE5BB1HZKXtSFASDhdlz9zOYwxh8lDdnvmMOe/+5cdoEdg==",
      "dependencies": [
        "delayed-stream"
      ]
    },
    "delayed-stream@1.0.0": {
      "integrity": "sha512-ZySD7Nf91aLB0RxL4KGrKHBXl7Eds1DAmEdcoVawXnLD7SDhpNgtuII2aAkg7a7QS41jxPSZ17p4VdGnMHk3MQ=="
    },
    "dunder-proto@1.0.1": {
      "integrity": "sha512-KIN/nDJBQRcXw0MLVhZE9iQHmG68qAVIBg9CqmUYjmQIhgij9U5MFvrqkUL5FbtyyzZuOeOt0zdeRe4UY7ct+A==",
      "dependencies": [
        "call-bind-apply-helpers",
        "es-errors",
        "gopd"
      ]
    },
    "es-define-property@1.0.1": {
      "integrity": "sha512-e3nRfgfUZ4rNGL232gUgX06QNyyez04KdjFrF+LTRoOXmrOgFKDg4BCdsjW8EnT69eqdYGmRpJwiPVYNrCaW3g=="
    },
    "es-errors@1.3.0": {
      "integrity": "sha512-Zf5H2Kxt2xjTvbJvP2ZWLEICxA6j+hAmMzIlypy4xcBg1vKVnx89Wy0GbS+kf5cwCVFFzdCFh2XSCFNULS6csw=="
    },
    "es-object-atoms@1.1.1": {
      "integrity": "sha512-FGgH2h8zKNim9ljj7dankFPcICIK9Cp5bm+c2gQSYePhpaG5+esrLODihIorn+Pe6FGJzWhXQotPv73jTaldXA==",
      "dependencies": [
        "es-errors"
      ]
    },
    "es-set-tostringtag@2.1.0": {
      "integrity": "sha512-j6vWzfrGVfyXxge+O0x5sh6cvxAog0a/4Rdd2K36zCMV5eJ+/+tOAngRO8cODMNWbVRdVlmGZQL2YS3yR8bIUA==",
      "dependencies": [
        "es-errors",
        "get-intrinsic",
        "has-tostringtag",
        "hasown"
      ]
    },
    "eventsource-parser@3.0.6": {
      "integrity": "sha512-Vo1ab+QXPzZ4tCa8SwIHJFaSzy4R6SHf7BY79rFBDf0idraZWAkYrDjDj8uWaSm3S2TK+hJ7/t1CEmZ7jXw+pg=="
    },
    "follow-redirects@1.15.11": {
      "integrity": "sha512-deG2P0JfjrTxl50XGCDyfI97ZGVCxIpfKYmfyrQ54n5FO/0gfIES8C/Psl6kWVDolizcaaxZJnTS0QSMxvnsBQ=="
    },
    "form-data@4.0.4": {
      "integrity": "sha512-KrGhL9Q4zjj0kiUt5OO4Mr/A/jlI2jDYs5eHBpYHPcBEVSiipAvn2Ko2HnPe20rmcuuvMHNdZFp+4IlGTMF0Ow==",
      "dependencies": [
        "asynckit",
        "combined-stream",
        "es-set-tostringtag",
        "hasown",
        "mime-types"
      ]
    },
    "function-bind@1.1.2": {
      "integrity": "sha512-7XHNxH7qX9xG5mIwxkhumTox/MIRNcOgDrxWsMt2pAr23WHp6MrRlN7FBSFpCpr+oVO0F744iUgR82nJMfG2SA=="
    },
    "get-intrinsic@1.3.0": {
      "integrity": "sha512-9fSjSaos/fRIVIp+xSJlE6lfwhES7LNtKaCBIamHsjr2na1BiABJPo0mOjjz8GJDURarmCPGqaiVg5mfjb98CQ==",
      "dependencies": [
        "call-bind-apply-helpers",
        "es-define-property",
        "es-errors",
        "es-object-atoms",
        "function-bind",
        "get-proto",
        "gopd",
        "has-symbols",
        "hasown",
        "math-intrinsics"
      ]
    },
    "get-proto@1.0.1": {
      "integrity": "sha512-sTSfBjoXBp89JvIKIefqw7U2CCebsc74kiY6awiGogKtoSGbgjYE/G/+l9sF3MWFPNc9IcoOC4ODfKHfxFmp0g==",
      "dependencies": [
        "dunder-proto",
        "es-object-atoms"
      ]
    },
    "gopd@1.2.0": {
      "integrity": "sha512-ZUKRh6/kUFoAiTAtTYPZJ3hw9wNxx+BIBOijnlG9PnrJsCcSjs1wyyD6vJpaYtgnzDrKYRSqf3OO6Rfa93xsRg=="
    },
    "has-symbols@1.1.0": {
      "integrity": "sha512-1cDNdwJ2Jaohmb3sg4OmKaMBwuC48sYni5HUw2DvsC8LjGTLK9h+eb1X6RyuOHe4hT0ULCW68iomhjUoKUqlPQ=="
    },
    "has-tostringtag@1.0.2": {
      "integrity": "sha512-NqADB8VjPFLM2V0VvHUewwwsw0ZWBaIdgo+ieHtK3hasLz4qeCRjYcqfB6AQrBggRKppKF8L52/VqdVsO47Dlw==",
      "dependencies": [
        "has-symbols"
      ]
    },
    "hasown@2.0.2": {
      "integrity": "sha512-0hJU9SCPvmMzIBdZFqNPXWa6dqh7WdH0cII9y+CyS8rG3nL48Bclra9HmKhVVUHyPWNH5Y7xDwAB7bfgSjkUMQ==",
      "dependencies": [
        "function-bind"
      ]
    },
    "json-schema@0.4.0": {
      "integrity": "sha512-es94M3nTIfsEPisRafak+HDLfHXnKBhV3vU5eqPcS3flIWqcxJWgXHXiey3YrpaNsanY5ei1VoYEbOzijuq9BA=="
    },
    "lib-result@3.2.2": {
      "integrity": "sha512-ONymDVaq4JCaTMM4VMsThdEGruV5X5i1vSMuSma67xmqGzX9pwxIie8JA96+y9X9S9u8EtslW8N7RgbqNV6kTg=="
    },
    "math-intrinsics@1.1.0": {
      "integrity": "sha512-/IXtbwEk5HTPyEwyKX6hGkYXxM9nbj64B+ilVJnC/R6B0pH5G4V3b0pVbL7DBj4tkhBAppbQUlf6F6Xl9LHu1g=="
    },
    "mime-db@1.52.0": {
      "integrity": "sha512-sPU4uV7dYlvtWJxwwxHD0PuihVNiE7TyAbQ5SWxDCB9mUYvOgroQOwYQQOKPJ8CIbE+1ETVlOoK1UC2nU3gYvg=="
    },
    "mime-types@2.1.35": {
      "integrity": "sha512-ZDY+bPm5zTTF+YpCrAU9nK0UgICYPT0QtT1NZWFv4s++TNkcgVaT0g6+4R2uI4MjQjzysHB1zxuWL50hzaeXiw==",
      "dependencies": [
        "mime-db"
      ]
    },
    "ollama-ai-provider-v2@1.5.4_zod@4.1.12": {
      "integrity": "sha512-OTxzIvxW7GutgkyYe55Y4lJeUbnDjH1jDkAQhjGiynffkDn0wyWbv/dD92A8HX1ni5Ec+i+ksYMXXlVOYPQR4g==",
      "dependencies": [
        "@ai-sdk/provider",
        "@ai-sdk/provider-utils",
        "zod"
      ]
    },
    "proxy-from-env@1.1.0": {
      "integrity": "sha512-D+zkORCbA9f1tdWRK0RaCR3GPv50cMxcrz4X8k5LTSUD1Dkw47mKJEZQNunItRTkWwgtaUSo1RVFRIG9ZXiFYg=="
    },
    "scule@1.3.0": {
      "integrity": "sha512-6FtHJEvt+pVMIB9IBY+IcCJ6Z5f1iQnytgyfKMhDKgmzYG+TeH/wx1y3l27rshSbLiSanrR9ffZDrEsmjlQF2g=="
    },
    "uncrypto@0.1.3": {
      "integrity": "sha512-Ql87qFHB3s/De2ClA9e0gsnS6zXG27SkTiSJwjCc9MebbfapQfuPzumMIUMi38ezPZVNFcHI9sUIepeQfw8J8Q=="
    },
    "undici-types@6.21.0": {
      "integrity": "sha512-iwDZqg0QAGrg9Rav5H4n0M64c3mkR59cJ6wQp+7C4nI0gsmExaedaYLNO44eT4AtBBwjbTiGPMlt2Md0T9H9JQ=="
    },
    "zod@4.1.12": {
      "integrity": "sha512-JInaHOamG8pt5+Ey8kGmdcAcg3OL9reK8ltczgHTAwNhMys/6ThXHityHxVV2p3fkw/c+MAvBHFVYHFZDmjMCQ=="
    }
  },
  "workspace": {
    "dependencies": [
      "jsr:@cliffy/prompt@^1.0.0-rc.8",
      "jsr:@std/fmt@*",
      "npm:@ai-sdk/google@^2.0.31",
      "npm:@ai-sdk/openai@^2.0.66",
      "npm:@arrirpc/schema@~0.80.3",
      "npm:ai@^5.0.93",
      "npm:axios@^1.11.0",
      "npm:lib-result@^3.2.2",
      "npm:ollama-ai-provider-v2@^1.5.4"
    ]
  }
}
